// !$*UTF8*$!
{
	archiveVersion = 1;
	classes = {
	};
	objectVersion = 46;
	objects = {

/* Begin PBXBuildFile section */
		7E33A7021EDABD2800A905CC /* AppDelegate.swift in Sources */ = {isa = PBXBuildFile; fileRef = 7E33A7011EDABD2800A905CC /* AppDelegate.swift */; };
		7E33A7041EDABD2800A905CC /* ViewController.swift in Sources */ = {isa = PBXBuildFile; fileRef = 7E33A7031EDABD2800A905CC /* ViewController.swift */; };
		7E33A7071EDABD2800A905CC /* Main.storyboard in Resources */ = {isa = PBXBuildFile; fileRef = 7E33A7051EDABD2800A905CC /* Main.storyboard */; };
		7E33A7091EDABD2800A905CC /* Assets.xcassets in Resources */ = {isa = PBXBuildFile; fileRef = 7E33A7081EDABD2800A905CC /* Assets.xcassets */; };
		7E33A70C1EDABD2800A905CC /* LaunchScreen.storyboard in Resources */ = {isa = PBXBuildFile; fileRef = 7E33A70A1EDABD2800A905CC /* LaunchScreen.storyboard */; };
/* End PBXBuildFile section */

/* Begin PBXFileReference section */
		7E33A6FE1EDABD2800A905CC /* 014-UICollectionView.app */ = {isa = PBXFileReference; explicitFileType = wrapper.application; includeInIndex = 0; path = "014-UICollectionView.app"; sourceTree = BUILT_PRODUCTS_DIR; };
		7E33A7011EDABD2800A905CC /* AppDelegate.swift */ = {isa = PBXFileReference; lastKnownFileType = sourcecode.swift; path = AppDelegate.swift; sourceTree = "<group>"; };
		7E33A7031EDABD2800A905CC /* ViewController.swift */ = {isa = PBXFileReference; lastKnownFileType = sourcecode.swift; path = ViewController.swift; sourceTree = "<group>"; };
		7E33A7061EDABD2800A905CC /* Base */ = {isa = PBXFileReference; lastKnownFileType = file.storyboard; name = Base; path = Base.lproj/Main.storyboard; sourceTree = "<group>"; };
		7E33A7081EDABD2800A905CC /* Assets.xcassets */ = {isa = PBXFileReference; lastKnownFileType = folder.assetcatalog; path = Assets.xcassets; sourceTree = "<group>"; };
		7E33A70B1EDABD2800A905CC /* Base */ = {isa = PBXFileReference; lastKnownFileType = file.storyboard; name = Base; path = Base.lproj/LaunchScreen.storyboard; sourceTree = "<group>"; };
		7E33A70D1EDABD2800A905CC /* Info.plist */ = {isa = PBXFileReference; lastKnownFileType = text.plist.xml; path = Info.plist; sourceTree = "<group>"; };
/* End PBXFileReference section */

/* Begin PBXFrameworksBuildPhase section */
		7E33A6FB1EDABD2800A905CC /* Frameworks */ = {
			isa = PBXFrameworksBuildPhase;
			buildActionMask = 2147483647;
			files = (
			);
			runOnlyForDeploymentPostprocessing = 0;
		};
/* End PBXFrameworksBuildPhase section */

/* Begin PBXGroup section */
		7E33A6F51EDABD2800A905CC = {
			isa = PBXGroup;
			children = (
				7E33A7001EDABD2800A905CC /* 014-UICollectionView */,
				7E33A6FF1EDABD2800A905CC /* Products */,
			);
			sourceTree = "<group>";
		};
		7E33A6FF1EDABD2800A905CC /* Products */ = {
			isa = PBXGroup;
			children = (
				7E33A6FE1EDABD2800A905CC /* 014-UICollectionView.app */,
			);
			name = Products;
			sourceTree = "<group>";
		};
		7E33A7001EDABD2800A905CC /* 014-UICollectionView */ = {
			isa = PBXGroup;
			children = (
				7E33A7011EDABD2800A905CC /* AppDelegate.swift */,
				7E33A7031EDABD2800A905CC /* ViewController.swift */,
				7E33A7051EDABD2800A905CC /* Main.storyboard */,
				7E33A7081EDABD2800A905CC /* Assets.xcassets */,
				7E33A70A1EDABD2800A905CC /* LaunchScreen.storyboard */,
				7E33A70D1EDABD2800A905CC /* Info.plist */,
			);
			path = "014-UICollectionView";
			sourceTree = "<group>";
		};
/* End PBXGroup section */

/* Begin PBXNativeTarget section */
		7E33A6FD1EDABD2800A905CC /* 014-UICollectionView */ = {
			isa = PBXNativeTarget;
			buildConfigurationList = 7E33A7101EDABD2800A905CC /* Build configuration list for PBXNativeTarget "014-UICollectionView" */;
			buildPhases = (
				7E33A6FA1EDABD2800A905CC /* Sources */,
				7E33A6FB1EDABD2800A905CC /* Frameworks */,
				7E33A6FC1EDABD2800A905CC /* Resources */,
			);
			buildRules = (
			);
			dependencies = (
			);
			name = "014-UICollectionView";
			productName = "014-UICollectionView";
			productReference = 7E33A6FE1EDABD2800A905CC /* 014-UICollectionView.app */;
			productType = "com.apple.product-type.application";
		};
/* End PBXNativeTarget section */

/* Begin PBXProject section */
		7E33A6F61EDABD2800A905CC /* Project object */ = {
			isa = PBXProject;
			attributes = {
				LastSwiftUpdateCheck = 0830;
				LastUpgradeCheck = 0830;
				ORGANIZATIONNAME = lichuanjun;
				TargetAttributes = {
					7E33A6FD1EDABD2800A905CC = {
						CreatedOnToolsVersion = 8.3.2;
						DevelopmentTeam = 68QKWWUHPW;
						ProvisioningStyle = Automatic;
					};
				};
			};
			buildConfigurationList = 7E33A6F91EDABD2800A905CC /* Build configuration list for PBXProject "014-UICollectionView" */;
			compatibilityVersion = "Xcode 3.2";
			developmentRegion = English;
			hasScannedForEncodings = 0;
			knownRegions = (
				en,
				Base,
			);
			mainGroup = 7E33A6F51EDABD2800A905CC;
			productRefGroup = 7E33A6FF1EDABD2800A905CC /* Products */;
			projectDirPath = "";
			projectRoot = "";
			targets = (
				7E33A6FD1EDABD2800A905CC /* 014-UICollectionView */,
			);
		};
/* End PBXProject section */

/* Begin PBXResourcesBuildPhase section */
		7E33A6FC1EDABD2800A905CC /* Resources */ = {
			isa = PBXResourcesBuildPhase;
			buildActionMask = 2147483647;
			files = (
				7E33A70C1EDABD2800A905CC /* LaunchScreen.storyboard in Resources */,
				7E33A7091EDABD2800A905CC /* Assets.xcassets in Resources */,
				7E33A7071EDABD2800A905CC /* Main.storyboard in Resources */,
			);
			runOnlyForDeploymentPostprocessing = 0;
		};
/* End PBXResourcesBuildPhase section */

/* Begin PBXSourcesBuildPhase section */
		7E33A6FA1EDABD2800A905CC /* Sources */ = {
			isa = PBXSourcesBuildPhase;
			buildActionMask = 2147483647;
			files = (
				7E33A7041EDABD2800A905CC /* ViewController.swift in Sources */,
				7E33A7021EDABD2800A905CC /* AppDelegate.swift in Sources */,
			);
			runOnlyForDeploymentPostprocessing = 0;
		};
/* End PBXSourcesBuildPhase section */

/* Begin PBXVariantGroup section */
		7E33A7051EDABD2800A905CC /* Main.storyboard */ = {
			isa = PBXVariantGroup;
			children = (
				7E33A7061EDABD2800A905CC /* Base */,
			);
			name = Main.storyboard;
			sourceTree = "<group>";
		};
		7E33A70A1EDABD2800A905CC /* LaunchScreen.storyboard */ = {
			isa = PBXVariantGroup;
			children = (
				7E33A70B1EDABD2800A905CC /* Base */,
			);
			name = LaunchScreen.storyboard;
			sourceTree = "<group>";
		};
/* End PBXVariantGroup section */

/* Begin XCBuildConfiguration section */
		7E33A70E1EDABD2800A905CC /* Debug */ = {
			isa = XCBuildConfiguration;
			buildSettings = {
				ALWAYS_SEARCH_USER_PATHS = NO;
				CLANG_ANALYZER_NONNULL = YES;
				CLANG_ANALYZER_NUMBER_OBJECT_CONVERSION = YES_AGGRESSIVE;
				CLANG_CXX_LANGUAGE_STANDARD = "gnu++0x";
				CLANG_CXX_LIBRARY = "libc++";
				CLANG_ENABLE_MODULES = YES;
				CLANG_ENABLE_OBJC_ARC = YES;
				CLANG_WARN_BOOL_CONVERSION = YES;
				CLANG_WARN_CONSTANT_CONVERSION = YES;
				CLANG_WARN_DIRECT_OBJC_ISA_USAGE = YES_ERROR;
				CLANG_WARN_DOCUMENTATION_COMMENTS = YES;
				CLANG_WARN_EMPTY_BODY = YES;
				CLANG_WARN_ENUM_CONVERSION = YES;
				CLANG_WARN_INFINITE_RECURSION = YES;
				CLANG_WARN_INT_CONVERSION = YES;
				CLANG_WARN_OBJC_ROOT_CLASS = YES_ERROR;
				CLANG_WARN_SUSPICIOUS_MOVE = YES;
				CLANG_WARN_UNREACHABLE_CODE = YES;
				CLANG_WARN__DUPLICATE_METHOD_MATCH = YES;
				"CODE_SIGN_IDENTITY[sdk=iphoneos*]" = "iPhone Developer";
				COPY_PHASE_STRIP = NO;
				DEBUG_INFORMATION_FORMAT = dwarf;
				ENABLE_STRICT_OBJC_MSGSEND = YES;
				ENABLE_TESTABILITY = YES;
				GCC_C_LANGUAGE_STANDARD = gnu99;
				GCC_DYNAMIC_NO_PIC = NO;
				GCC_NO_COMMON_BLOCKS = YES;
				GCC_OPTIMIZATION_LEVEL = 0;
				GCC_PREPROCESSOR_DEFINITIONS = (
					"DEBUG=1",
					"$(inherited)",
				);
				GCC_WARN_64_TO_32_BIT_CONVERSION = YES;
				GCC_WARN_ABOUT_RETURN_TYPE = YES_ERROR;
				GCC_WARN_UNDECLARED_SELECTOR = YES;
				GCC_WARN_UNINITIALIZED_AUTOS = YES_AGGRESSIVE;
				GCC_WARN_UNUSED_FUNCTION = YES;
				GCC_WARN_UNUSED_VARIABLE = YES;
				IPHONEOS_DEPLOYMENT_TARGET = 10.3;
				MTL_ENABLE_DEBUG_INFO = YES;
				ONLY_ACTIVE_ARCH = YES;
				SDKROOT = iphoneos;
				SWIFT_ACTIVE_COMPILATION_CONDITIONS = DEBUG;
				SWIFT_OPTIMIZATION_LEVEL = "-Onone";
				TARGETED_DEVICE_FAMILY = "1,2";
			};
			name = Debug;
		};
		7E33A70F1EDABD2800A905CC /* Release */ = {
			isa = XCBuildConfiguration;
			buildSettings = {
				ALWAYS_SEARCH_USER_PATHS = NO;
				CLANG_ANALYZER_NONNULL = YES;
				CLANG_ANALYZER_NUMBER_OBJECT_CONVERSION = YES_AGGRESSIVE;
				CLANG_CXX_LANGUAGE_STANDARD = "gnu++0x";
				CLANG_CXX_LIBRARY = "libc++";
				CLANG_ENABLE_MODULES = YES;
				CLANG_ENABLE_OBJC_ARC = YES;
				CLANG_WARN_BOOL_CONVERSION = YES;
				CLANG_WARN_CONSTANT_CONVERSION = YES;
				CLANG_WARN_DIRECT_OBJC_ISA_USAGE = YES_ERROR;
				CLANG_WARN_DOCUMENTATION_COMMENTS = YES;
				CLANG_WARN_EMPTY_BODY = YES;
				CLANG_WARN_ENUM_CONVERSION = YES;
				CLANG_WARN_INFINITE_RECURSION = YES;
				CLANG_WARN_INT_CONVERSION = YES;
				CLANG_WARN_OBJC_ROOT_CLASS = YES_ERROR;
				CLANG_WARN_SUSPICIOUS_MOVE = YES;
				CLANG_WARN_UNREACHABLE_CODE = YES;
				CLANG_WARN__DUPLICATE_METHOD_MATCH = YES;
				"CODE_SIGN_IDENTITY[sdk=iphoneos*]" = "iPhone Developer";
				COPY_PHASE_STRIP = NO;
				DEBUG_INFORMATION_FORMAT = "dwarf-with-dsym";
				ENABLE_NS_ASSERTIONS = NO;
				ENABLE_STRICT_OBJC_MSGSEND = YES;
				GCC_C_LANGUAGE_STANDARD = gnu99;
				GCC_NO_COMMON_BLOCKS = YES;
				GCC_WARN_64_TO_32_BIT_CONVERSION = YES;
				GCC_WARN_ABOUT_RETURN_TYPE = YES_ERROR;
				GCC_WARN_UNDECLARED_SELECTOR = YES;
				GCC_WARN_UNINITIALIZED_AUTOS = YES_AGGRESSIVE;
				GCC_WARN_UNUSED_FUNCTION = YES;
				GCC_WARN_UNUSED_VARIABLE = YES;
				IPHONEOS_DEPLOYMENT_TARGET = 10.3;
				MTL_ENABLE_DEBUG_INFO = NO;
				SDKROOT = iphoneos;
				SWIFT_OPTIMIZATION_LEVEL = "-Owholemodule";
				TARGETED_DEVICE_FAMILY = "1,2";
				VALIDATE_PRODUCT = YES;
			};
			name = Release;
		};
		7E33A7111EDABD2800A905CC /* Debug */ = {
			isa = XCBuildConfiguration;
			buildSettings = {
				ASSETCATALOG_COMPILER_APPICON_NAME = AppIcon;
				DEVELOPMENT_TEAM = 68QKWWUHPW;
				INFOPLIST_FILE = "014-UICollectionView/Info.plist";
				LD_RUNPATH_SEARCH_PATHS = "$(inherited) @executable_path/Frameworks";
				PRODUCT_BUNDLE_IDENTIFIER = "com.niwodai.-14-UICollectionView";
				PRODUCT_NAME = "$(TARGET_NAME)";
				SWIFT_VERSION = 3.0;
			};
			name = Debug;
		};
		7E33A7121EDABD2800A905CC /* Release */ = {
			isa = XCBuildConfiguration;
			buildSettings = {
				ASSETCATALOG_COMPILER_APPICON_NAME = AppIcon;
				DEVELOPMENT_TEAM = 68QKWWUHPW;
				INFOPLIST_FILE = "014-UICollectionView/Info.plist";
				LD_RUNPATH_SEARCH_PATHS = "$(inherited) @executable_path/Frameworks";
				PRODUCT_BUNDLE_IDENTIFIER = "com.niwodai.-14-UICollectionView";
				PRODUCT_NAME = "$(TARGET_NAME)";
				SWIFT_VERSION = 3.0;
			};
			name = Release;
		};
/* End XCBuildConfiguration section */

/* Begin XCConfigurationList section */
		7E33A6F91EDABD2800A905CC /* Build configuration list for PBXProject "014-UICollectionView" */ = {
			isa = XCConfigurationList;
			buildConfigurations = (
				7E33A70E1EDABD2800A905CC /* Debug */,
				7E33A70F1EDABD2800A905CC /* Release */,
			);
			defaultConfigurationIsVisible = 0;
			defaultConfigurationName = Release;
		};
		7E33A7101EDABD2800A905CC /* Build configuration list for PBXNativeTarget "014-UICollectionView" */ = {
			isa = XCConfigurationList;
			buildConfigurations = (
				7E33A7111EDABD2800A905CC /* Debug */,
				7E33A7121EDABD2800A905CC /* Release */,
			);
			defaultConfigurationIsVisible = 0;
		};
/* End XCConfigurationList section */
	};
	rootObject = 7E33A6F61EDABD2800A905CC /* Project object */;
}
